
Microsoft Visual Studio Solution File, Format Version 12.00
Project("{FAE04EC0-301F-11D3-BF4B-00C04F79EFBC}") = "NImpeller", "src\NImpeller\NImpeller.csproj", "{ADD4E749-9F52-4C18-9622-B378B9B1358C}"
EndProject
Project("{2150E333-8FDC-42A3-9474-1A3956D46DE8}") = "src", "src", "{47455730-683D-4770-A523-41AEA5F4B463}"
EndProject
Project("{FAE04EC0-301F-11D3-BF4B-00C04F79EFBC}") = "InteropGen", "src\InteropGen\InteropGen.csproj", "{B77C8CB3-4A46-4628-A6E1-F0900FE1FD6F}"
EndProject
Project("{2150E333-8FDC-42A3-9474-1A3956D46DE8}") = "external", "external", "{3103307D-E646-40D3-8830-D3495B571192}"
EndProject
Project("{FAE04EC0-301F-11D3-BF4B-00C04F79EFBC}") = "CppAst", "external\CppAst.NET\src\CppAst\CppAst.csproj", "{74938EB6-E59F-410E-96FB-C0C25B12AC19}"
EndProject
Project("{2150E333-8FDC-42A3-9474-1A3956D46DE8}") = "samples", "samples", "{FE23EB06-C41F-4FE7-9CE2-2C05323A3366}"
EndProject
Project("{FAE04EC0-301F-11D3-BF4B-00C04F79EFBC}") = "Sandbox", "samples\Sandbox\Sandbox.csproj", "{0E772191-50BF-4FEE-8E62-F5B71EA82B00}"
EndProject
Project("{9A19103F-16F7-4668-BE54-9A1E7A4F7556}") = "_build", "build\_build.csproj", "{97B7BE2A-A06E-4A73-A383-A8D6EF51DDAB}"
EndProject
Project("{FAE04EC0-301F-11D3-BF4B-00C04F79EFBC}") = "Sandbox.Core", "samples\Sandbox.Core\Sandbox.Core.csproj", "{9E990EB5-B048-43E5-B788-1B388D59BF03}"
EndProject
Project("{FAE04EC0-301F-11D3-BF4B-00C04F79EFBC}") = "Sandbox.SDL", "samples\Sandbox.SDL\Sandbox.SDL.csproj", "{0DD46D36-B034-476D-B416-649F7B5BD324}"
EndProject
Project("{FAE04EC0-301F-11D3-BF4B-00C04F79EFBC}") = "Sandbox.Metal", "samples\Sandbox.Metal\Sandbox.Metal.csproj", "{554505AE-9958-4740-91B1-FA285716F5E5}"
EndProject
Project("{FAE04EC0-301F-11D3-BF4B-00C04F79EFBC}") = "NImpeller.Tests", "tests\NImpeller.Tests\NImpeller.Tests.csproj", "{5CDD2905-02B5-4A31-AA07-E45D45A1A5B8}"
Project("{FAE04EC0-301F-11D3-BF4B-00C04F79EFBC}") = "Sandbox.GLFW", "samples\Sandbox.GLFW\Sandbox.GLFW.csproj", "{E83AA564-7987-44DE-95DD-D9F418141E48}"
EndProject
Global
	GlobalSection(SolutionConfigurationPlatforms) = preSolution
		Debug|Any CPU = Debug|Any CPU
		Debug|x64 = Debug|x64
		Debug|x86 = Debug|x86
		Release|Any CPU = Release|Any CPU
		Release|x64 = Release|x64
		Release|x86 = Release|x86
	EndGlobalSection
	GlobalSection(ProjectConfigurationPlatforms) = postSolution
		{ADD4E749-9F52-4C18-9622-B378B9B1358C}.Debug|Any CPU.ActiveCfg = Debug|Any CPU
		{ADD4E749-9F52-4C18-9622-B378B9B1358C}.Debug|Any CPU.Build.0 = Debug|Any CPU
		{ADD4E749-9F52-4C18-9622-B378B9B1358C}.Debug|x64.ActiveCfg = Debug|Any CPU
		{ADD4E749-9F52-4C18-9622-B378B9B1358C}.Debug|x64.Build.0 = Debug|Any CPU
		{ADD4E749-9F52-4C18-9622-B378B9B1358C}.Debug|x86.ActiveCfg = Debug|Any CPU
		{ADD4E749-9F52-4C18-9622-B378B9B1358C}.Debug|x86.Build.0 = Debug|Any CPU
		{ADD4E749-9F52-4C18-9622-B378B9B1358C}.Release|Any CPU.ActiveCfg = Release|Any CPU
		{ADD4E749-9F52-4C18-9622-B378B9B1358C}.Release|Any CPU.Build.0 = Release|Any CPU
		{ADD4E749-9F52-4C18-9622-B378B9B1358C}.Release|x64.ActiveCfg = Release|Any CPU
		{ADD4E749-9F52-4C18-9622-B378B9B1358C}.Release|x64.Build.0 = Release|Any CPU
		{ADD4E749-9F52-4C18-9622-B378B9B1358C}.Release|x86.ActiveCfg = Release|Any CPU
		{ADD4E749-9F52-4C18-9622-B378B9B1358C}.Release|x86.Build.0 = Release|Any CPU
		{B77C8CB3-4A46-4628-A6E1-F0900FE1FD6F}.Debug|Any CPU.ActiveCfg = Debug|Any CPU
		{B77C8CB3-4A46-4628-A6E1-F0900FE1FD6F}.Debug|Any CPU.Build.0 = Debug|Any CPU
		{B77C8CB3-4A46-4628-A6E1-F0900FE1FD6F}.Debug|x64.ActiveCfg = Debug|Any CPU
		{B77C8CB3-4A46-4628-A6E1-F0900FE1FD6F}.Debug|x64.Build.0 = Debug|Any CPU
		{B77C8CB3-4A46-4628-A6E1-F0900FE1FD6F}.Debug|x86.ActiveCfg = Debug|Any CPU
		{B77C8CB3-4A46-4628-A6E1-F0900FE1FD6F}.Debug|x86.Build.0 = Debug|Any CPU
		{B77C8CB3-4A46-4628-A6E1-F0900FE1FD6F}.Release|Any CPU.ActiveCfg = Release|Any CPU
		{B77C8CB3-4A46-4628-A6E1-F0900FE1FD6F}.Release|Any CPU.Build.0 = Release|Any CPU
		{B77C8CB3-4A46-4628-A6E1-F0900FE1FD6F}.Release|x64.ActiveCfg = Release|Any CPU
		{B77C8CB3-4A46-4628-A6E1-F0900FE1FD6F}.Release|x64.Build.0 = Release|Any CPU
		{B77C8CB3-4A46-4628-A6E1-F0900FE1FD6F}.Release|x86.ActiveCfg = Release|Any CPU
		{B77C8CB3-4A46-4628-A6E1-F0900FE1FD6F}.Release|x86.Build.0 = Release|Any CPU
		{74938EB6-E59F-410E-96FB-C0C25B12AC19}.Debug|Any CPU.ActiveCfg = Debug|Any CPU
		{74938EB6-E59F-410E-96FB-C0C25B12AC19}.Debug|Any CPU.Build.0 = Debug|Any CPU
		{74938EB6-E59F-410E-96FB-C0C25B12AC19}.Debug|x64.ActiveCfg = Debug|Any CPU
		{74938EB6-E59F-410E-96FB-C0C25B12AC19}.Debug|x64.Build.0 = Debug|Any CPU
		{74938EB6-E59F-410E-96FB-C0C25B12AC19}.Debug|x86.ActiveCfg = Debug|Any CPU
		{74938EB6-E59F-410E-96FB-C0C25B12AC19}.Debug|x86.Build.0 = Debug|Any CPU
		{74938EB6-E59F-410E-96FB-C0C25B12AC19}.Release|Any CPU.ActiveCfg = Release|Any CPU
		{74938EB6-E59F-410E-96FB-C0C25B12AC19}.Release|Any CPU.Build.0 = Release|Any CPU
		{74938EB6-E59F-410E-96FB-C0C25B12AC19}.Release|x64.ActiveCfg = Release|Any CPU
		{74938EB6-E59F-410E-96FB-C0C25B12AC19}.Release|x64.Build.0 = Release|Any CPU
		{74938EB6-E59F-410E-96FB-C0C25B12AC19}.Release|x86.ActiveCfg = Release|Any CPU
		{74938EB6-E59F-410E-96FB-C0C25B12AC19}.Release|x86.Build.0 = Release|Any CPU
		{0E772191-50BF-4FEE-8E62-F5B71EA82B00}.Debug|Any CPU.ActiveCfg = Debug|Any CPU
		{0E772191-50BF-4FEE-8E62-F5B71EA82B00}.Debug|Any CPU.Build.0 = Debug|Any CPU
		{0E772191-50BF-4FEE-8E62-F5B71EA82B00}.Debug|x64.ActiveCfg = Debug|Any CPU
		{0E772191-50BF-4FEE-8E62-F5B71EA82B00}.Debug|x64.Build.0 = Debug|Any CPU
		{0E772191-50BF-4FEE-8E62-F5B71EA82B00}.Debug|x86.ActiveCfg = Debug|Any CPU
		{0E772191-50BF-4FEE-8E62-F5B71EA82B00}.Debug|x86.Build.0 = Debug|Any CPU
		{0E772191-50BF-4FEE-8E62-F5B71EA82B00}.Release|Any CPU.ActiveCfg = Release|Any CPU
		{0E772191-50BF-4FEE-8E62-F5B71EA82B00}.Release|Any CPU.Build.0 = Release|Any CPU
		{0E772191-50BF-4FEE-8E62-F5B71EA82B00}.Release|x64.ActiveCfg = Release|Any CPU
		{0E772191-50BF-4FEE-8E62-F5B71EA82B00}.Release|x64.Build.0 = Release|Any CPU
		{0E772191-50BF-4FEE-8E62-F5B71EA82B00}.Release|x86.ActiveCfg = Release|Any CPU
		{0E772191-50BF-4FEE-8E62-F5B71EA82B00}.Release|x86.Build.0 = Release|Any CPU
		{97B7BE2A-A06E-4A73-A383-A8D6EF51DDAB}.Debug|Any CPU.ActiveCfg = Debug|Any CPU
		{97B7BE2A-A06E-4A73-A383-A8D6EF51DDAB}.Debug|x64.ActiveCfg = Debug|Any CPU
		{97B7BE2A-A06E-4A73-A383-A8D6EF51DDAB}.Debug|x64.Build.0 = Debug|Any CPU
		{97B7BE2A-A06E-4A73-A383-A8D6EF51DDAB}.Debug|x86.ActiveCfg = Debug|Any CPU
		{97B7BE2A-A06E-4A73-A383-A8D6EF51DDAB}.Debug|x86.Build.0 = Debug|Any CPU
		{97B7BE2A-A06E-4A73-A383-A8D6EF51DDAB}.Release|Any CPU.ActiveCfg = Release|Any CPU
		{97B7BE2A-A06E-4A73-A383-A8D6EF51DDAB}.Release|x64.ActiveCfg = Release|Any CPU
		{97B7BE2A-A06E-4A73-A383-A8D6EF51DDAB}.Release|x64.Build.0 = Release|Any CPU
		{97B7BE2A-A06E-4A73-A383-A8D6EF51DDAB}.Release|x86.ActiveCfg = Release|Any CPU
		{97B7BE2A-A06E-4A73-A383-A8D6EF51DDAB}.Release|x86.Build.0 = Release|Any CPU
		{9E990EB5-B048-43E5-B788-1B388D59BF03}.Debug|Any CPU.ActiveCfg = Debug|Any CPU
		{9E990EB5-B048-43E5-B788-1B388D59BF03}.Debug|Any CPU.Build.0 = Debug|Any CPU
		{9E990EB5-B048-43E5-B788-1B388D59BF03}.Debug|x64.ActiveCfg = Debug|Any CPU
		{9E990EB5-B048-43E5-B788-1B388D59BF03}.Debug|x64.Build.0 = Debug|Any CPU
		{9E990EB5-B048-43E5-B788-1B388D59BF03}.Debug|x86.ActiveCfg = Debug|Any CPU
		{9E990EB5-B048-43E5-B788-1B388D59BF03}.Debug|x86.Build.0 = Debug|Any CPU
		{9E990EB5-B048-43E5-B788-1B388D59BF03}.Release|Any CPU.ActiveCfg = Release|Any CPU
		{9E990EB5-B048-43E5-B788-1B388D59BF03}.Release|Any CPU.Build.0 = Release|Any CPU
		{9E990EB5-B048-43E5-B788-1B388D59BF03}.Release|x64.ActiveCfg = Release|Any CPU
		{9E990EB5-B048-43E5-B788-1B388D59BF03}.Release|x64.Build.0 = Release|Any CPU
		{9E990EB5-B048-43E5-B788-1B388D59BF03}.Release|x86.ActiveCfg = Release|Any CPU
		{9E990EB5-B048-43E5-B788-1B388D59BF03}.Release|x86.Build.0 = Release|Any CPU
		{0DD46D36-B034-476D-B416-649F7B5BD324}.Debug|Any CPU.ActiveCfg = Debug|Any CPU
		{0DD46D36-B034-476D-B416-649F7B5BD324}.Debug|Any CPU.Build.0 = Debug|Any CPU
		{0DD46D36-B034-476D-B416-649F7B5BD324}.Debug|x64.ActiveCfg = Debug|Any CPU
		{0DD46D36-B034-476D-B416-649F7B5BD324}.Debug|x64.Build.0 = Debug|Any CPU
		{0DD46D36-B034-476D-B416-649F7B5BD324}.Debug|x86.ActiveCfg = Debug|Any CPU
		{0DD46D36-B034-476D-B416-649F7B5BD324}.Debug|x86.Build.0 = Debug|Any CPU
		{0DD46D36-B034-476D-B416-649F7B5BD324}.Release|Any CPU.ActiveCfg = Release|Any CPU
		{0DD46D36-B034-476D-B416-649F7B5BD324}.Release|Any CPU.Build.0 = Release|Any CPU
		{0DD46D36-B034-476D-B416-649F7B5BD324}.Release|x64.ActiveCfg = Release|Any CPU
		{0DD46D36-B034-476D-B416-649F7B5BD324}.Release|x64.Build.0 = Release|Any CPU
		{0DD46D36-B034-476D-B416-649F7B5BD324}.Release|x86.ActiveCfg = Release|Any CPU
		{0DD46D36-B034-476D-B416-649F7B5BD324}.Release|x86.Build.0 = Release|Any CPU
		{554505AE-9958-4740-91B1-FA285716F5E5}.Debug|Any CPU.ActiveCfg = Debug|Any CPU
		{554505AE-9958-4740-91B1-FA285716F5E5}.Debug|Any CPU.Build.0 = Debug|Any CPU
		{554505AE-9958-4740-91B1-FA285716F5E5}.Debug|x64.ActiveCfg = Debug|Any CPU
		{554505AE-9958-4740-91B1-FA285716F5E5}.Debug|x64.Build.0 = Debug|Any CPU
		{554505AE-9958-4740-91B1-FA285716F5E5}.Debug|x86.ActiveCfg = Debug|Any CPU
		{554505AE-9958-4740-91B1-FA285716F5E5}.Debug|x86.Build.0 = Debug|Any CPU
		{554505AE-9958-4740-91B1-FA285716F5E5}.Release|Any CPU.ActiveCfg = Release|Any CPU
		{554505AE-9958-4740-91B1-FA285716F5E5}.Release|Any CPU.Build.0 = Release|Any CPU
		{554505AE-9958-4740-91B1-FA285716F5E5}.Release|x64.ActiveCfg = Release|Any CPU
		{554505AE-9958-4740-91B1-FA285716F5E5}.Release|x64.Build.0 = Release|Any CPU
		{554505AE-9958-4740-91B1-FA285716F5E5}.Release|x86.ActiveCfg = Release|Any CPU
		{554505AE-9958-4740-91B1-FA285716F5E5}.Release|x86.Build.0 = Release|Any CPU
		{5CDD2905-02B5-4A31-AA07-E45D45A1A5B8}.Debug|Any CPU.ActiveCfg = Debug|Any CPU
		{5CDD2905-02B5-4A31-AA07-E45D45A1A5B8}.Debug|Any CPU.Build.0 = Debug|Any CPU
		{5CDD2905-02B5-4A31-AA07-E45D45A1A5B8}.Debug|x64.ActiveCfg = Debug|Any CPU
		{5CDD2905-02B5-4A31-AA07-E45D45A1A5B8}.Debug|x64.Build.0 = Debug|Any CPU
		{5CDD2905-02B5-4A31-AA07-E45D45A1A5B8}.Debug|x86.ActiveCfg = Debug|Any CPU
		{5CDD2905-02B5-4A31-AA07-E45D45A1A5B8}.Debug|x86.Build.0 = Debug|Any CPU
		{5CDD2905-02B5-4A31-AA07-E45D45A1A5B8}.Release|Any CPU.ActiveCfg = Release|Any CPU
		{5CDD2905-02B5-4A31-AA07-E45D45A1A5B8}.Release|Any CPU.Build.0 = Release|Any CPU
		{5CDD2905-02B5-4A31-AA07-E45D45A1A5B8}.Release|x64.ActiveCfg = Release|Any CPU
		{5CDD2905-02B5-4A31-AA07-E45D45A1A5B8}.Release|x64.Build.0 = Release|Any CPU
		{5CDD2905-02B5-4A31-AA07-E45D45A1A5B8}.Release|x86.ActiveCfg = Release|Any CPU
		{5CDD2905-02B5-4A31-AA07-E45D45A1A5B8}.Release|x86.Build.0 = Release|Any CPU
		{E83AA564-7987-44DE-95DD-D9F418141E48}.Debug|Any CPU.ActiveCfg = Debug|Any CPU
		{E83AA564-7987-44DE-95DD-D9F418141E48}.Debug|Any CPU.Build.0 = Debug|Any CPU
		{E83AA564-7987-44DE-95DD-D9F418141E48}.Debug|x64.ActiveCfg = Debug|Any CPU
		{E83AA564-7987-44DE-95DD-D9F418141E48}.Debug|x64.Build.0 = Debug|Any CPU
		{E83AA564-7987-44DE-95DD-D9F418141E48}.Debug|x86.ActiveCfg = Debug|Any CPU
		{E83AA564-7987-44DE-95DD-D9F418141E48}.Debug|x86.Build.0 = Debug|Any CPU
		{E83AA564-7987-44DE-95DD-D9F418141E48}.Release|Any CPU.ActiveCfg = Release|Any CPU
		{E83AA564-7987-44DE-95DD-D9F418141E48}.Release|Any CPU.Build.0 = Release|Any CPU
		{E83AA564-7987-44DE-95DD-D9F418141E48}.Release|x64.ActiveCfg = Release|Any CPU
		{E83AA564-7987-44DE-95DD-D9F418141E48}.Release|x64.Build.0 = Release|Any CPU
		{E83AA564-7987-44DE-95DD-D9F418141E48}.Release|x86.ActiveCfg = Release|Any CPU
		{E83AA564-7987-44DE-95DD-D9F418141E48}.Release|x86.Build.0 = Release|Any CPU
	EndGlobalSection
	GlobalSection(SolutionProperties) = preSolution
		HideSolutionNode = FALSE
	EndGlobalSection
	GlobalSection(NestedProjects) = preSolution
		{ADD4E749-9F52-4C18-9622-B378B9B1358C} = {47455730-683D-4770-A523-41AEA5F4B463}
		{B77C8CB3-4A46-4628-A6E1-F0900FE1FD6F} = {47455730-683D-4770-A523-41AEA5F4B463}
		{74938EB6-E59F-410E-96FB-C0C25B12AC19} = {3103307D-E646-40D3-8830-D3495B571192}
		{0E772191-50BF-4FEE-8E62-F5B71EA82B00} = {FE23EB06-C41F-4FE7-9CE2-2C05323A3366}
		{9E990EB5-B048-43E5-B788-1B388D59BF03} = {FE23EB06-C41F-4FE7-9CE2-2C05323A3366}
		{0DD46D36-B034-476D-B416-649F7B5BD324} = {FE23EB06-C41F-4FE7-9CE2-2C05323A3366}
		{554505AE-9958-4740-91B1-FA285716F5E5} = {FE23EB06-C41F-4FE7-9CE2-2C05323A3366}
		{E83AA564-7987-44DE-95DD-D9F418141E48} = {FE23EB06-C41F-4FE7-9CE2-2C05323A3366}
	EndGlobalSection
EndGlobal
